
Microsoft Visual Studio Solution File, Format Version 12.00
# Visual Studio Version 16
VisualStudioVersion = 16.0.29926.136
MinimumVisualStudioVersion = 10.0.40219.1
Project("{2150E333-8FDC-42A3-9474-1A3956D46DE8}") = "Moonlight", "Moonlight", "{826F1263-9BEB-4752-97F7-A8FE49A958C2}"
EndProject
Project("{9A19103F-16F7-4668-BE54-9A1E7A4F7556}") = "Moonlight", "Moonlight\srcs\Moonlight\Moonlight.csproj", "{6FA6D1CE-4B14-40A5-A084-BBB4E024CD42}"
EndProject
Project("{FAE04EC0-301F-11D3-BF4B-00C04F79EFBC}") = "Moonlight.Local", "Moonlight\srcs\Moonlight.Local\Moonlight.Local.csproj", "{BF70038C-D611-445A-AE15-001FAE605984}"
EndProject
Project("{8BC9CEB8-8B4A-11D0-8D11-00A0C91BC942}") = "MoonlightCore", "Moonlight\lib\MoonlightCore\srcs\MoonlightCore\MoonlightCore.vcxproj", "{6713436A-4B03-46B9-A638-16223CBF45BF}"
EndProject
Project("{FAE04EC0-301F-11D3-BF4B-00C04F79EFBC}") = "Moonlight.SimplePiiBot", "Moonlight.SimplePiiBot\Moonlight.SimplePiiBot.csproj", "{9AC98251-E67F-417B-B5B1-0352FA89E2C9}"
EndProject
Global
	GlobalSection(SolutionConfigurationPlatforms) = preSolution
		Debug|Any CPU = Debug|Any CPU
		Debug|x64 = Debug|x64
		Debug|x86 = Debug|x86
		Release|Any CPU = Release|Any CPU
		Release|x64 = Release|x64
		Release|x86 = Release|x86
	EndGlobalSection
	GlobalSection(ProjectConfigurationPlatforms) = postSolution
		{6FA6D1CE-4B14-40A5-A084-BBB4E024CD42}.Debug|Any CPU.ActiveCfg = Debug|Any CPU
		{6FA6D1CE-4B14-40A5-A084-BBB4E024CD42}.Debug|Any CPU.Build.0 = Debug|Any CPU
		{6FA6D1CE-4B14-40A5-A084-BBB4E024CD42}.Debug|x64.ActiveCfg = Debug|Any CPU
		{6FA6D1CE-4B14-40A5-A084-BBB4E024CD42}.Debug|x64.Build.0 = Debug|Any CPU
		{6FA6D1CE-4B14-40A5-A084-BBB4E024CD42}.Debug|x86.ActiveCfg = Debug|Any CPU
		{6FA6D1CE-4B14-40A5-A084-BBB4E024CD42}.Debug|x86.Build.0 = Debug|Any CPU
		{6FA6D1CE-4B14-40A5-A084-BBB4E024CD42}.Release|Any CPU.ActiveCfg = Release|Any CPU
		{6FA6D1CE-4B14-40A5-A084-BBB4E024CD42}.Release|Any CPU.Build.0 = Release|Any CPU
		{6FA6D1CE-4B14-40A5-A084-BBB4E024CD42}.Release|x64.ActiveCfg = Release|Any CPU
		{6FA6D1CE-4B14-40A5-A084-BBB4E024CD42}.Release|x64.Build.0 = Release|Any CPU
		{6FA6D1CE-4B14-40A5-A084-BBB4E024CD42}.Release|x86.ActiveCfg = Release|Any CPU
		{6FA6D1CE-4B14-40A5-A084-BBB4E024CD42}.Release|x86.Build.0 = Release|Any CPU
		{BF70038C-D611-445A-AE15-001FAE605984}.Debug|Any CPU.ActiveCfg = Debug|Any CPU
		{BF70038C-D611-445A-AE15-001FAE605984}.Debug|Any CPU.Build.0 = Debug|Any CPU
		{BF70038C-D611-445A-AE15-001FAE605984}.Debug|x64.ActiveCfg = Debug|Any CPU
		{BF70038C-D611-445A-AE15-001FAE605984}.Debug|x64.Build.0 = Debug|Any CPU
		{BF70038C-D611-445A-AE15-001FAE605984}.Debug|x86.ActiveCfg = Debug|Any CPU
		{BF70038C-D611-445A-AE15-001FAE605984}.Debug|x86.Build.0 = Debug|Any CPU
		{BF70038C-D611-445A-AE15-001FAE605984}.Release|Any CPU.ActiveCfg = Release|Any CPU
		{BF70038C-D611-445A-AE15-001FAE605984}.Release|Any CPU.Build.0 = Release|Any CPU
		{BF70038C-D611-445A-AE15-001FAE605984}.Release|x64.ActiveCfg = Release|Any CPU
		{BF70038C-D611-445A-AE15-001FAE605984}.Release|x64.Build.0 = Release|Any CPU
		{BF70038C-D611-445A-AE15-001FAE605984}.Release|x86.ActiveCfg = Release|Any CPU
		{BF70038C-D611-445A-AE15-001FAE605984}.Release|x86.Build.0 = Release|Any CPU
		{6713436A-4B03-46B9-A638-16223CBF45BF}.Debug|x64.ActiveCfg = Debug|x64
		{6713436A-4B03-46B9-A638-16223CBF45BF}.Debug|x64.Build.0 = Debug|x64
		{6713436A-4B03-46B9-A638-16223CBF45BF}.Debug|x86.ActiveCfg = Debug|Win32
		{6713436A-4B03-46B9-A638-16223CBF45BF}.Debug|x86.Build.0 = Debug|Win32
		{6713436A-4B03-46B9-A638-16223CBF45BF}.Release|Any CPU.ActiveCfg = Release|Win32
		{6713436A-4B03-46B9-A638-16223CBF45BF}.Release|x64.ActiveCfg = Release|x64
		{6713436A-4B03-46B9-A638-16223CBF45BF}.Release|x64.Build.0 = Release|x64
		{6713436A-4B03-46B9-A638-16223CBF45BF}.Release|x86.ActiveCfg = Release|Win32
		{6713436A-4B03-46B9-A638-16223CBF45BF}.Release|x86.Build.0 = Release|Win32
		{6713436A-4B03-46B9-A638-16223CBF45BF}.Debug|Any CPU.ActiveCfg = Release|Win32
		{6713436A-4B03-46B9-A638-16223CBF45BF}.Debug|Any CPU.Build.0 = Release|Win32
		{9AC98251-E67F-417B-B5B1-0352FA89E2C9}.Debug|Any CPU.ActiveCfg = Debug|Any CPU
		{9AC98251-E67F-417B-B5B1-0352FA89E2C9}.Debug|Any CPU.Build.0 = Debug|Any CPU
		{9AC98251-E67F-417B-B5B1-0352FA89E2C9}.Debug|x64.ActiveCfg = Debug|Any CPU
		{9AC98251-E67F-417B-B5B1-0352FA89E2C9}.Debug|x64.Build.0 = Debug|Any CPU
		{9AC98251-E67F-417B-B5B1-0352FA89E2C9}.Debug|x86.ActiveCfg = Debug|Any CPU
		{9AC98251-E67F-417B-B5B1-0352FA89E2C9}.Debug|x86.Build.0 = Debug|Any CPU
		{9AC98251-E67F-417B-B5B1-0352FA89E2C9}.Release|Any CPU.ActiveCfg = Release|Any CPU
		{9AC98251-E67F-417B-B5B1-0352FA89E2C9}.Release|Any CPU.Build.0 = Release|Any CPU
		{9AC98251-E67F-417B-B5B1-0352FA89E2C9}.Release|x64.ActiveCfg = Release|Any CPU
		{9AC98251-E67F-417B-B5B1-0352FA89E2C9}.Release|x64.Build.0 = Release|Any CPU
		{9AC98251-E67F-417B-B5B1-0352FA89E2C9}.Release|x86.ActiveCfg = Release|Any CPU
		{9AC98251-E67F-417B-B5B1-0352FA89E2C9}.Release|x86.Build.0 = Release|Any CPU
	EndGlobalSection
	GlobalSection(SolutionProperties) = preSolution
		HideSolutionNode = FALSE
	EndGlobalSection
	GlobalSection(NestedProjects) = preSolution
		{6FA6D1CE-4B14-40A5-A084-BBB4E024CD42} = {826F1263-9BEB-4752-97F7-A8FE49A958C2}
		{BF70038C-D611-445A-AE15-001FAE605984} = {826F1263-9BEB-4752-97F7-A8FE49A958C2}
		{6713436A-4B03-46B9-A638-16223CBF45BF} = {826F1263-9BEB-4752-97F7-A8FE49A958C2}
	EndGlobalSection
	GlobalSection(ExtensibilityGlobals) = postSolution
		SolutionGuid = {720A6482-854F-4A28-A365-014F7DC98EC6}
	EndGlobalSection
EndGlobal
